
Microsoft Visual Studio Solution File, Format Version 12.00
# Visual Studio 2013
VisualStudioVersion = 12.0.30723.0
MinimumVisualStudioVersion = 10.0.40219.1
Project("{FAE04EC0-301F-11D3-BF4B-00C04F79EFBC}") = "01-creating-a-struct", "creating-a-struct\01-creating-a-struct.csproj", "{EF2489A7-294C-4A5D-8817-43FA4C675421}"
EndProject
Project("{FAE04EC0-301F-11D3-BF4B-00C04F79EFBC}") = "02-structs-are-immutable", "structs-are-immutable\02-structs-are-immutable.csproj", "{DF6173BB-9D43-481D-B84C-712C2F95CDA3}"
EndProject
Global
	GlobalSection(SolutionConfigurationPlatforms) = preSolution
		Debug|Any CPU = Debug|Any CPU
		Release|Any CPU = Release|Any CPU
	EndGlobalSection
	GlobalSection(ProjectConfigurationPlatforms) = postSolution
		{EF2489A7-294C-4A5D-8817-43FA4C675421}.Debug|Any CPU.ActiveCfg = Debug|Any CPU
		{EF2489A7-294C-4A5D-8817-43FA4C675421}.Debug|Any CPU.Build.0 = Debug|Any CPU
		{EF2489A7-294C-4A5D-8817-43FA4C675421}.Release|Any CPU.ActiveCfg = Release|Any CPU
		{EF2489A7-294C-4A5D-8817-43FA4C675421}.Release|Any CPU.Build.0 = Release|Any CPU
		{DF6173BB-9D43-481D-B84C-712C2F95CDA3}.Debug|Any CPU.ActiveCfg = Debug|Any CPU
		{DF6173BB-9D43-481D-B84C-712C2F95CDA3}.Debug|Any CPU.Build.0 = Debug|Any CPU
		{DF6173BB-9D43-481D-B84C-712C2F95CDA3}.Release|Any CPU.ActiveCfg = Release|Any CPU
		{DF6173BB-9D43-481D-B84C-712C2F95CDA3}.Release|Any CPU.Build.0 = Release|Any CPU
	EndGlobalSection
	GlobalSection(SolutionProperties) = preSolution
		HideSolutionNode = FALSE
	EndGlobalSection
EndGlobal
