
Microsoft Visual Studio Solution File, Format Version 12.00
# Visual Studio 2013
VisualStudioVersion = 12.0.30723.0
MinimumVisualStudioVersion = 10.0.40219.1
Project("{FAE04EC0-301F-11D3-BF4B-00C04F79EFBC}") = "01-delegates-as-instance-members", "01-delegates-as-instance-members\01-delegates-as-instance-members.csproj", "{67D68FAF-1B02-4149-A1FD-E17980D2C8D1}"
EndProject
Project("{FAE04EC0-301F-11D3-BF4B-00C04F79EFBC}") = "02-delegates-as-static-members", "02-delegates-as-static-members\02-delegates-as-static-members.csproj", "{CAEE45B8-B16C-417C-8B27-5AA1F3C6134C}"
EndProject
Project("{FAE04EC0-301F-11D3-BF4B-00C04F79EFBC}") = "delegates-as-anonymous-methods", "delegates-as-anonymous-methods\delegates-as-anonymous-methods.csproj", "{80D133AF-0AB8-441C-BD0B-DF22BCC10592}"
EndProject
Global
	GlobalSection(SolutionConfigurationPlatforms) = preSolution
		Debug|Any CPU = Debug|Any CPU
		Release|Any CPU = Release|Any CPU
	EndGlobalSection
	GlobalSection(ProjectConfigurationPlatforms) = postSolution
		{67D68FAF-1B02-4149-A1FD-E17980D2C8D1}.Debug|Any CPU.ActiveCfg = Debug|Any CPU
		{67D68FAF-1B02-4149-A1FD-E17980D2C8D1}.Debug|Any CPU.Build.0 = Debug|Any CPU
		{67D68FAF-1B02-4149-A1FD-E17980D2C8D1}.Release|Any CPU.ActiveCfg = Release|Any CPU
		{67D68FAF-1B02-4149-A1FD-E17980D2C8D1}.Release|Any CPU.Build.0 = Release|Any CPU
		{CAEE45B8-B16C-417C-8B27-5AA1F3C6134C}.Debug|Any CPU.ActiveCfg = Debug|Any CPU
		{CAEE45B8-B16C-417C-8B27-5AA1F3C6134C}.Debug|Any CPU.Build.0 = Debug|Any CPU
		{CAEE45B8-B16C-417C-8B27-5AA1F3C6134C}.Release|Any CPU.ActiveCfg = Release|Any CPU
		{CAEE45B8-B16C-417C-8B27-5AA1F3C6134C}.Release|Any CPU.Build.0 = Release|Any CPU
		{80D133AF-0AB8-441C-BD0B-DF22BCC10592}.Debug|Any CPU.ActiveCfg = Debug|Any CPU
		{80D133AF-0AB8-441C-BD0B-DF22BCC10592}.Debug|Any CPU.Build.0 = Debug|Any CPU
		{80D133AF-0AB8-441C-BD0B-DF22BCC10592}.Release|Any CPU.ActiveCfg = Release|Any CPU
		{80D133AF-0AB8-441C-BD0B-DF22BCC10592}.Release|Any CPU.Build.0 = Release|Any CPU
	EndGlobalSection
	GlobalSection(SolutionProperties) = preSolution
		HideSolutionNode = FALSE
	EndGlobalSection
EndGlobal
