
Microsoft Visual Studio Solution File, Format Version 12.00
# Visual Studio 2013
VisualStudioVersion = 12.0.30723.0
MinimumVisualStudioVersion = 10.0.40219.1
Project("{FAE04EC0-301F-11D3-BF4B-00C04F79EFBC}") = "05-Task.Wait-vs-AsyncAwait", "05-Task.Wait-vs-AsyncAwait\05-Task.Wait-vs-AsyncAwait.csproj", "{11EA96F6-E0AF-4693-9C41-A117E5BDAC55}"
EndProject
Project("{FAE04EC0-301F-11D3-BF4B-00C04F79EFBC}") = "01-creating-a-task-v1-task.start", "01-creating-a-task-v1-task.start\01-creating-a-task-v1-task.start.csproj", "{C2286440-3895-48C7-A7A1-A226A97FC991}"
EndProject
Project("{FAE04EC0-301F-11D3-BF4B-00C04F79EFBC}") = "02-creating-a-task-v2-task.run", "02-creating-a-task-v2-task.run\02-creating-a-task-v2-task.run.csproj", "{A15E109B-87EF-4FBC-8025-A98922A6E996}"
EndProject
Project("{FAE04EC0-301F-11D3-BF4B-00C04F79EFBC}") = "03-creating-a-task-v3-Task.Factory.StartNew", "03-creating-a-task-v3-Task.Factory.StartNew\03-creating-a-task-v3-Task.Factory.StartNew.csproj", "{ADDD7477-ED12-400D-9264-F63460D7CE6F}"
EndProject
Project("{FAE04EC0-301F-11D3-BF4B-00C04F79EFBC}") = "06-display-web-page-length-asynchronously", "06-display-web-page-length-asynchronously\06-display-web-page-length-asynchronously.csproj", "{553A5B0D-D726-4531-AF8D-696327BEB5A9}"
EndProject
Project("{FAE04EC0-301F-11D3-BF4B-00C04F79EFBC}") = "04-polling-a-Task", "04-polling-a-Task\04-polling-a-Task.csproj", "{3511CA89-7589-4B7E-B9E3-382B32057839}"
EndProject
Global
	GlobalSection(SolutionConfigurationPlatforms) = preSolution
		Debug|Any CPU = Debug|Any CPU
		Release|Any CPU = Release|Any CPU
	EndGlobalSection
	GlobalSection(ProjectConfigurationPlatforms) = postSolution
		{11EA96F6-E0AF-4693-9C41-A117E5BDAC55}.Debug|Any CPU.ActiveCfg = Debug|Any CPU
		{11EA96F6-E0AF-4693-9C41-A117E5BDAC55}.Debug|Any CPU.Build.0 = Debug|Any CPU
		{11EA96F6-E0AF-4693-9C41-A117E5BDAC55}.Release|Any CPU.ActiveCfg = Release|Any CPU
		{11EA96F6-E0AF-4693-9C41-A117E5BDAC55}.Release|Any CPU.Build.0 = Release|Any CPU
		{C2286440-3895-48C7-A7A1-A226A97FC991}.Debug|Any CPU.ActiveCfg = Debug|Any CPU
		{C2286440-3895-48C7-A7A1-A226A97FC991}.Debug|Any CPU.Build.0 = Debug|Any CPU
		{C2286440-3895-48C7-A7A1-A226A97FC991}.Release|Any CPU.ActiveCfg = Release|Any CPU
		{C2286440-3895-48C7-A7A1-A226A97FC991}.Release|Any CPU.Build.0 = Release|Any CPU
		{A15E109B-87EF-4FBC-8025-A98922A6E996}.Debug|Any CPU.ActiveCfg = Debug|Any CPU
		{A15E109B-87EF-4FBC-8025-A98922A6E996}.Debug|Any CPU.Build.0 = Debug|Any CPU
		{A15E109B-87EF-4FBC-8025-A98922A6E996}.Release|Any CPU.ActiveCfg = Release|Any CPU
		{A15E109B-87EF-4FBC-8025-A98922A6E996}.Release|Any CPU.Build.0 = Release|Any CPU
		{ADDD7477-ED12-400D-9264-F63460D7CE6F}.Debug|Any CPU.ActiveCfg = Debug|Any CPU
		{ADDD7477-ED12-400D-9264-F63460D7CE6F}.Debug|Any CPU.Build.0 = Debug|Any CPU
		{ADDD7477-ED12-400D-9264-F63460D7CE6F}.Release|Any CPU.ActiveCfg = Release|Any CPU
		{ADDD7477-ED12-400D-9264-F63460D7CE6F}.Release|Any CPU.Build.0 = Release|Any CPU
		{553A5B0D-D726-4531-AF8D-696327BEB5A9}.Debug|Any CPU.ActiveCfg = Debug|Any CPU
		{553A5B0D-D726-4531-AF8D-696327BEB5A9}.Debug|Any CPU.Build.0 = Debug|Any CPU
		{553A5B0D-D726-4531-AF8D-696327BEB5A9}.Release|Any CPU.ActiveCfg = Release|Any CPU
		{553A5B0D-D726-4531-AF8D-696327BEB5A9}.Release|Any CPU.Build.0 = Release|Any CPU
		{3511CA89-7589-4B7E-B9E3-382B32057839}.Debug|Any CPU.ActiveCfg = Debug|Any CPU
		{3511CA89-7589-4B7E-B9E3-382B32057839}.Debug|Any CPU.Build.0 = Debug|Any CPU
		{3511CA89-7589-4B7E-B9E3-382B32057839}.Release|Any CPU.ActiveCfg = Release|Any CPU
		{3511CA89-7589-4B7E-B9E3-382B32057839}.Release|Any CPU.Build.0 = Release|Any CPU
	EndGlobalSection
	GlobalSection(SolutionProperties) = preSolution
		HideSolutionNode = FALSE
	EndGlobalSection
EndGlobal
