
Microsoft Visual Studio Solution File, Format Version 12.00
# Visual Studio 2013
VisualStudioVersion = 12.0.30723.0
MinimumVisualStudioVersion = 10.0.40219.1
Project("{FAE04EC0-301F-11D3-BF4B-00C04F79EFBC}") = "01-property-definition-in-csharp-1", "01-property-definition-in-csharp-1\01-property-definition-in-csharp-1.csproj", "{0F1E8128-FB14-402A-BB39-B3B99F3399AB}"
EndProject
Project("{FAE04EC0-301F-11D3-BF4B-00C04F79EFBC}") = "02-private-setters-in-csharp-2", "02-private-setters-in-csharp-2\02-private-setters-in-csharp-2.csproj", "{34BE21FB-06FB-4E68-AE78-05E2335E982A}"
EndProject
Project("{FAE04EC0-301F-11D3-BF4B-00C04F79EFBC}") = "03-automatically-implemented-properties-in-csharp-3", "03-automatically-implemented-properties-in-csharp-3\03-automatically-implemented-properties-in-csharp-3.csproj", "{6B695EB3-031D-4E0E-8CA9-EDDC7214C88E}"
EndProject
Global
	GlobalSection(SolutionConfigurationPlatforms) = preSolution
		Debug|Any CPU = Debug|Any CPU
		Release|Any CPU = Release|Any CPU
	EndGlobalSection
	GlobalSection(ProjectConfigurationPlatforms) = postSolution
		{0F1E8128-FB14-402A-BB39-B3B99F3399AB}.Debug|Any CPU.ActiveCfg = Debug|Any CPU
		{0F1E8128-FB14-402A-BB39-B3B99F3399AB}.Debug|Any CPU.Build.0 = Debug|Any CPU
		{0F1E8128-FB14-402A-BB39-B3B99F3399AB}.Release|Any CPU.ActiveCfg = Release|Any CPU
		{0F1E8128-FB14-402A-BB39-B3B99F3399AB}.Release|Any CPU.Build.0 = Release|Any CPU
		{34BE21FB-06FB-4E68-AE78-05E2335E982A}.Debug|Any CPU.ActiveCfg = Debug|Any CPU
		{34BE21FB-06FB-4E68-AE78-05E2335E982A}.Debug|Any CPU.Build.0 = Debug|Any CPU
		{34BE21FB-06FB-4E68-AE78-05E2335E982A}.Release|Any CPU.ActiveCfg = Release|Any CPU
		{34BE21FB-06FB-4E68-AE78-05E2335E982A}.Release|Any CPU.Build.0 = Release|Any CPU
		{6B695EB3-031D-4E0E-8CA9-EDDC7214C88E}.Debug|Any CPU.ActiveCfg = Debug|Any CPU
		{6B695EB3-031D-4E0E-8CA9-EDDC7214C88E}.Debug|Any CPU.Build.0 = Debug|Any CPU
		{6B695EB3-031D-4E0E-8CA9-EDDC7214C88E}.Release|Any CPU.ActiveCfg = Release|Any CPU
		{6B695EB3-031D-4E0E-8CA9-EDDC7214C88E}.Release|Any CPU.Build.0 = Release|Any CPU
	EndGlobalSection
	GlobalSection(SolutionProperties) = preSolution
		HideSolutionNode = FALSE
	EndGlobalSection
EndGlobal
